
Microsoft Visual Studio Solution File, Format Version 12.00
# Visual Studio 14
VisualStudioVersion = 14.0.22823.1
MinimumVisualStudioVersion = 10.0.40219.1
Project("{FAE04EC0-301F-11D3-BF4B-00C04F79EFBC}") = "BrewingController", "BrewingController\BrewingController.csproj", "{8910B968-61EC-4BC4-A904-35E3C6A3DA04}"
EndProject
Project("{FAE04EC0-301F-11D3-BF4B-00C04F79EFBC}") = "DS18B20", "DS18B20\DS18B20.csproj", "{D8AA5DEE-05E4-492A-B7C7-297E6E5F80CE}"
EndProject
Project("{FAE04EC0-301F-11D3-BF4B-00C04F79EFBC}") = "BrewingControllerInterfaces", "BrewingControllerInterfaces\BrewingControllerInterfaces.csproj", "{55AD35B0-1358-4F35-B5D5-F409E4097678}"
EndProject
Global
	GlobalSection(SolutionConfigurationPlatforms) = preSolution
		Debug|Any CPU = Debug|Any CPU
		Debug|ARM = Debug|ARM
		Debug|x64 = Debug|x64
		Debug|x86 = Debug|x86
		Release|Any CPU = Release|Any CPU
		Release|ARM = Release|ARM
		Release|x64 = Release|x64
		Release|x86 = Release|x86
	EndGlobalSection
	GlobalSection(ProjectConfigurationPlatforms) = postSolution
		{8910B968-61EC-4BC4-A904-35E3C6A3DA04}.Debug|Any CPU.ActiveCfg = Debug|x86
		{8910B968-61EC-4BC4-A904-35E3C6A3DA04}.Debug|ARM.ActiveCfg = Debug|ARM
		{8910B968-61EC-4BC4-A904-35E3C6A3DA04}.Debug|ARM.Build.0 = Debug|ARM
		{8910B968-61EC-4BC4-A904-35E3C6A3DA04}.Debug|ARM.Deploy.0 = Debug|ARM
		{8910B968-61EC-4BC4-A904-35E3C6A3DA04}.Debug|x64.ActiveCfg = Debug|x64
		{8910B968-61EC-4BC4-A904-35E3C6A3DA04}.Debug|x64.Build.0 = Debug|x64
		{8910B968-61EC-4BC4-A904-35E3C6A3DA04}.Debug|x64.Deploy.0 = Debug|x64
		{8910B968-61EC-4BC4-A904-35E3C6A3DA04}.Debug|x86.ActiveCfg = Debug|x86
		{8910B968-61EC-4BC4-A904-35E3C6A3DA04}.Debug|x86.Build.0 = Debug|x86
		{8910B968-61EC-4BC4-A904-35E3C6A3DA04}.Debug|x86.Deploy.0 = Debug|x86
		{8910B968-61EC-4BC4-A904-35E3C6A3DA04}.Release|Any CPU.ActiveCfg = Release|x86
		{8910B968-61EC-4BC4-A904-35E3C6A3DA04}.Release|ARM.ActiveCfg = Release|ARM
		{8910B968-61EC-4BC4-A904-35E3C6A3DA04}.Release|ARM.Build.0 = Release|ARM
		{8910B968-61EC-4BC4-A904-35E3C6A3DA04}.Release|ARM.Deploy.0 = Release|ARM
		{8910B968-61EC-4BC4-A904-35E3C6A3DA04}.Release|x64.ActiveCfg = Release|x64
		{8910B968-61EC-4BC4-A904-35E3C6A3DA04}.Release|x64.Build.0 = Release|x64
		{8910B968-61EC-4BC4-A904-35E3C6A3DA04}.Release|x64.Deploy.0 = Release|x64
		{8910B968-61EC-4BC4-A904-35E3C6A3DA04}.Release|x86.ActiveCfg = Release|x86
		{8910B968-61EC-4BC4-A904-35E3C6A3DA04}.Release|x86.Build.0 = Release|x86
		{8910B968-61EC-4BC4-A904-35E3C6A3DA04}.Release|x86.Deploy.0 = Release|x86
		{D8AA5DEE-05E4-492A-B7C7-297E6E5F80CE}.Debug|Any CPU.ActiveCfg = Debug|Any CPU
		{D8AA5DEE-05E4-492A-B7C7-297E6E5F80CE}.Debug|Any CPU.Build.0 = Debug|Any CPU
		{D8AA5DEE-05E4-492A-B7C7-297E6E5F80CE}.Debug|ARM.ActiveCfg = Debug|ARM
		{D8AA5DEE-05E4-492A-B7C7-297E6E5F80CE}.Debug|ARM.Build.0 = Debug|ARM
		{D8AA5DEE-05E4-492A-B7C7-297E6E5F80CE}.Debug|x64.ActiveCfg = Debug|x64
		{D8AA5DEE-05E4-492A-B7C7-297E6E5F80CE}.Debug|x64.Build.0 = Debug|x64
		{D8AA5DEE-05E4-492A-B7C7-297E6E5F80CE}.Debug|x86.ActiveCfg = Debug|x86
		{D8AA5DEE-05E4-492A-B7C7-297E6E5F80CE}.Debug|x86.Build.0 = Debug|x86
		{D8AA5DEE-05E4-492A-B7C7-297E6E5F80CE}.Release|Any CPU.ActiveCfg = Release|Any CPU
		{D8AA5DEE-05E4-492A-B7C7-297E6E5F80CE}.Release|Any CPU.Build.0 = Release|Any CPU
		{D8AA5DEE-05E4-492A-B7C7-297E6E5F80CE}.Release|ARM.ActiveCfg = Release|ARM
		{D8AA5DEE-05E4-492A-B7C7-297E6E5F80CE}.Release|ARM.Build.0 = Release|ARM
		{D8AA5DEE-05E4-492A-B7C7-297E6E5F80CE}.Release|x64.ActiveCfg = Release|x64
		{D8AA5DEE-05E4-492A-B7C7-297E6E5F80CE}.Release|x64.Build.0 = Release|x64
		{D8AA5DEE-05E4-492A-B7C7-297E6E5F80CE}.Release|x86.ActiveCfg = Release|x86
		{D8AA5DEE-05E4-492A-B7C7-297E6E5F80CE}.Release|x86.Build.0 = Release|x86
		{55AD35B0-1358-4F35-B5D5-F409E4097678}.Debug|Any CPU.ActiveCfg = Debug|Any CPU
		{55AD35B0-1358-4F35-B5D5-F409E4097678}.Debug|Any CPU.Build.0 = Debug|Any CPU
		{55AD35B0-1358-4F35-B5D5-F409E4097678}.Debug|ARM.ActiveCfg = Debug|ARM
		{55AD35B0-1358-4F35-B5D5-F409E4097678}.Debug|ARM.Build.0 = Debug|ARM
		{55AD35B0-1358-4F35-B5D5-F409E4097678}.Debug|x64.ActiveCfg = Debug|x64
		{55AD35B0-1358-4F35-B5D5-F409E4097678}.Debug|x64.Build.0 = Debug|x64
		{55AD35B0-1358-4F35-B5D5-F409E4097678}.Debug|x86.ActiveCfg = Debug|x86
		{55AD35B0-1358-4F35-B5D5-F409E4097678}.Debug|x86.Build.0 = Debug|x86
		{55AD35B0-1358-4F35-B5D5-F409E4097678}.Release|Any CPU.ActiveCfg = Release|Any CPU
		{55AD35B0-1358-4F35-B5D5-F409E4097678}.Release|Any CPU.Build.0 = Release|Any CPU
		{55AD35B0-1358-4F35-B5D5-F409E4097678}.Release|ARM.ActiveCfg = Release|ARM
		{55AD35B0-1358-4F35-B5D5-F409E4097678}.Release|ARM.Build.0 = Release|ARM
		{55AD35B0-1358-4F35-B5D5-F409E4097678}.Release|x64.ActiveCfg = Release|x64
		{55AD35B0-1358-4F35-B5D5-F409E4097678}.Release|x64.Build.0 = Release|x64
		{55AD35B0-1358-4F35-B5D5-F409E4097678}.Release|x86.ActiveCfg = Release|x86
		{55AD35B0-1358-4F35-B5D5-F409E4097678}.Release|x86.Build.0 = Release|x86
	EndGlobalSection
	GlobalSection(SolutionProperties) = preSolution
		HideSolutionNode = FALSE
	EndGlobalSection
EndGlobal
